
Microsoft Visual Studio Solution File, Format Version 12.00
# Visual Studio Version 17
VisualStudioVersion = 17.10.34928.147
MinimumVisualStudioVersion = 10.0.40219.1
Project("{9A19103F-16F7-4668-BE54-9A1E7A4F7556}") = "HealthMed.Access.API", "Health&Med.API\HealthMed.Access.API.csproj", "{5010349F-B783-4416-8746-3DD2C33FD2D2}"
EndProject
Project("{9A19103F-16F7-4668-BE54-9A1E7A4F7556}") = "HealthMed.Access.Infrastructure", "Health&Med.Infrastructure\HealthMed.Access.Infrastructure.csproj", "{EBC67A1A-E707-441A-ACAD-D02C4DC31992}"
EndProject
Project("{9A19103F-16F7-4668-BE54-9A1E7A4F7556}") = "HealthMed.Access.Domain", "Health&Med.Domain\HealthMed.Access.Domain.csproj", "{3224466E-5954-4B16-A50B-E21DE54AAAC9}"
EndProject
Project("{9A19103F-16F7-4668-BE54-9A1E7A4F7556}") = "HealthMed.Access.Business", "Health&Med.Business\HealthMed.Access.Business.csproj", "{961B1F5A-3424-44D5-938A-9F0B8D36C02A}"
EndProject
Project("{9A19103F-16F7-4668-BE54-9A1E7A4F7556}") = "HealthMed.API.Access.Common", "Common\HealthMed.API.Access.Common.csproj", "{540B47BE-BA45-4EA8-B5CD-E913FD3473A7}"
EndProject
Project("{FAE04EC0-301F-11D3-BF4B-00C04F79EFBC}") = "HealthMed.Acess.Test", "HealthMed.Acess.Test\HealthMed.Acess.Test.csproj", "{9C5B03BE-3CB8-45EA-8E03-72A3183D510C}"
EndProject
Global
	GlobalSection(SolutionConfigurationPlatforms) = preSolution
		Debug|Any CPU = Debug|Any CPU
		Release|Any CPU = Release|Any CPU
	EndGlobalSection
	GlobalSection(ProjectConfigurationPlatforms) = postSolution
		{5010349F-B783-4416-8746-3DD2C33FD2D2}.Debug|Any CPU.ActiveCfg = Debug|Any CPU
		{5010349F-B783-4416-8746-3DD2C33FD2D2}.Debug|Any CPU.Build.0 = Debug|Any CPU
		{5010349F-B783-4416-8746-3DD2C33FD2D2}.Release|Any CPU.ActiveCfg = Release|Any CPU
		{5010349F-B783-4416-8746-3DD2C33FD2D2}.Release|Any CPU.Build.0 = Release|Any CPU
		{EBC67A1A-E707-441A-ACAD-D02C4DC31992}.Debug|Any CPU.ActiveCfg = Debug|Any CPU
		{EBC67A1A-E707-441A-ACAD-D02C4DC31992}.Debug|Any CPU.Build.0 = Debug|Any CPU
		{EBC67A1A-E707-441A-ACAD-D02C4DC31992}.Release|Any CPU.ActiveCfg = Release|Any CPU
		{EBC67A1A-E707-441A-ACAD-D02C4DC31992}.Release|Any CPU.Build.0 = Release|Any CPU
		{3224466E-5954-4B16-A50B-E21DE54AAAC9}.Debug|Any CPU.ActiveCfg = Debug|Any CPU
		{3224466E-5954-4B16-A50B-E21DE54AAAC9}.Debug|Any CPU.Build.0 = Debug|Any CPU
		{3224466E-5954-4B16-A50B-E21DE54AAAC9}.Release|Any CPU.ActiveCfg = Release|Any CPU
		{3224466E-5954-4B16-A50B-E21DE54AAAC9}.Release|Any CPU.Build.0 = Release|Any CPU
		{961B1F5A-3424-44D5-938A-9F0B8D36C02A}.Debug|Any CPU.ActiveCfg = Debug|Any CPU
		{961B1F5A-3424-44D5-938A-9F0B8D36C02A}.Debug|Any CPU.Build.0 = Debug|Any CPU
		{961B1F5A-3424-44D5-938A-9F0B8D36C02A}.Release|Any CPU.ActiveCfg = Release|Any CPU
		{961B1F5A-3424-44D5-938A-9F0B8D36C02A}.Release|Any CPU.Build.0 = Release|Any CPU
		{540B47BE-BA45-4EA8-B5CD-E913FD3473A7}.Debug|Any CPU.ActiveCfg = Debug|Any CPU
		{540B47BE-BA45-4EA8-B5CD-E913FD3473A7}.Debug|Any CPU.Build.0 = Debug|Any CPU
		{540B47BE-BA45-4EA8-B5CD-E913FD3473A7}.Release|Any CPU.ActiveCfg = Release|Any CPU
		{540B47BE-BA45-4EA8-B5CD-E913FD3473A7}.Release|Any CPU.Build.0 = Release|Any CPU
		{9C5B03BE-3CB8-45EA-8E03-72A3183D510C}.Debug|Any CPU.ActiveCfg = Debug|Any CPU
		{9C5B03BE-3CB8-45EA-8E03-72A3183D510C}.Debug|Any CPU.Build.0 = Debug|Any CPU
		{9C5B03BE-3CB8-45EA-8E03-72A3183D510C}.Release|Any CPU.ActiveCfg = Release|Any CPU
		{9C5B03BE-3CB8-45EA-8E03-72A3183D510C}.Release|Any CPU.Build.0 = Release|Any CPU
	EndGlobalSection
	GlobalSection(SolutionProperties) = preSolution
		HideSolutionNode = FALSE
	EndGlobalSection
	GlobalSection(ExtensibilityGlobals) = postSolution
		SolutionGuid = {8840A549-3717-4A81-B114-FC43933A2E46}
	EndGlobalSection
EndGlobal
